
Microsoft Visual Studio Solution File, Format Version 12.00
# Visual Studio Version 16
VisualStudioVersion = 16.0.30523.141
MinimumVisualStudioVersion = 10.0.40219.1
Project("{FAE04EC0-301F-11D3-BF4B-00C04F79EFBC}") = "scott_razor_aspnet_project", "scott_razor_aspnet_project\scott_razor_aspnet_project.csproj", "{4717A440-21D3-47B5-9F38-F97C7879AAD0}"
EndProject
Global
	GlobalSection(SolutionConfigurationPlatforms) = preSolution
		Debug|Any CPU = Debug|Any CPU
		Release|Any CPU = Release|Any CPU
	EndGlobalSection
	GlobalSection(ProjectConfigurationPlatforms) = postSolution
		{4717A440-21D3-47B5-9F38-F97C7879AAD0}.Debug|Any CPU.ActiveCfg = Debug|Any CPU
		{4717A440-21D3-47B5-9F38-F97C7879AAD0}.Debug|Any CPU.Build.0 = Debug|Any CPU
		{4717A440-21D3-47B5-9F38-F97C7879AAD0}.Release|Any CPU.ActiveCfg = Release|Any CPU
		{4717A440-21D3-47B5-9F38-F97C7879AAD0}.Release|Any CPU.Build.0 = Release|Any CPU
	EndGlobalSection
	GlobalSection(SolutionProperties) = preSolution
		HideSolutionNode = FALSE
	EndGlobalSection
	GlobalSection(ExtensibilityGlobals) = postSolution
		SolutionGuid = {B8A49232-71A9-4CC4-B5CA-F931FA4CF7CD}
	EndGlobalSection
EndGlobal
